
Microsoft Visual Studio Solution File, Format Version 12.00
# Visual Studio Version 16
VisualStudioVersion = 16.0.30717.126
MinimumVisualStudioVersion = 10.0.40219.1
Project("{FAE04EC0-301F-11D3-BF4B-00C04F79EFBC}") = "WordCount", "WordCount.csproj", "{53FB715B-1F5B-4236-A602-CF34A845DF86}"
EndProject
Global
	GlobalSection(SolutionConfigurationPlatforms) = preSolution
		Debug|Any CPU = Debug|Any CPU
		Release|Any CPU = Release|Any CPU
	EndGlobalSection
	GlobalSection(ProjectConfigurationPlatforms) = postSolution
		{53FB715B-1F5B-4236-A602-CF34A845DF86}.Debug|Any CPU.ActiveCfg = Debug|Any CPU
		{53FB715B-1F5B-4236-A602-CF34A845DF86}.Debug|Any CPU.Build.0 = Debug|Any CPU
		{53FB715B-1F5B-4236-A602-CF34A845DF86}.Release|Any CPU.ActiveCfg = Release|Any CPU
		{53FB715B-1F5B-4236-A602-CF34A845DF86}.Release|Any CPU.Build.0 = Release|Any CPU
	EndGlobalSection
	GlobalSection(SolutionProperties) = preSolution
		HideSolutionNode = FALSE
	EndGlobalSection
	GlobalSection(ExtensibilityGlobals) = postSolution
		SolutionGuid = {7DA42F04-E141-4357-92F2-0A1270C3B542}
	EndGlobalSection
EndGlobal
